{
  "name": "node-learn",
  "version": "1.0.0",
  "lockfileVersion": 3,
  "requires": true,
  "packages": {
    "": {
      "name": "node-learn",
      "version": "1.0.0",
      "license": "MIT",
      "dependencies": {
        "node-learn": "file:"
      }
    },
    "node_modules/node-learn": {
      "resolved": "",
      "link": true
    }
  }
}
